
Microsoft Visual Studio Solution File, Format Version 12.00
# Visual Studio 15
VisualStudioVersion = 15.0.28010.2036
MinimumVisualStudioVersion = 10.0.40219.1
Project("{8BC9CEB8-8B4A-11D0-8D11-00A0C91BC942}") = "10Chapter7.1", "10Chapter7.1\10Chapter7.1.vcxproj", "{DC7AB098-3B78-4DC3-843E-8B857A6840B0}"
EndProject
Global
	GlobalSection(SolutionConfigurationPlatforms) = preSolution
		Debug|x64 = Debug|x64
		Debug|x86 = Debug|x86
		Release|x64 = Release|x64
		Release|x86 = Release|x86
	EndGlobalSection
	GlobalSection(ProjectConfigurationPlatforms) = postSolution
		{DC7AB098-3B78-4DC3-843E-8B857A6840B0}.Debug|x64.ActiveCfg = Debug|x64
		{DC7AB098-3B78-4DC3-843E-8B857A6840B0}.Debug|x64.Build.0 = Debug|x64
		{DC7AB098-3B78-4DC3-843E-8B857A6840B0}.Debug|x86.ActiveCfg = Debug|Win32
		{DC7AB098-3B78-4DC3-843E-8B857A6840B0}.Debug|x86.Build.0 = Debug|Win32
		{DC7AB098-3B78-4DC3-843E-8B857A6840B0}.Release|x64.ActiveCfg = Release|x64
		{DC7AB098-3B78-4DC3-843E-8B857A6840B0}.Release|x64.Build.0 = Release|x64
		{DC7AB098-3B78-4DC3-843E-8B857A6840B0}.Release|x86.ActiveCfg = Release|Win32
		{DC7AB098-3B78-4DC3-843E-8B857A6840B0}.Release|x86.Build.0 = Release|Win32
	EndGlobalSection
	GlobalSection(SolutionProperties) = preSolution
		HideSolutionNode = FALSE
	EndGlobalSection
	GlobalSection(ExtensibilityGlobals) = postSolution
		SolutionGuid = {3FEB0823-8736-49A3-B3CF-EAB57072E4FB}
	EndGlobalSection
EndGlobal
