
Microsoft Visual Studio Solution File, Format Version 12.00
# Visual Studio 15
VisualStudioVersion = 15.0.28010.2036
MinimumVisualStudioVersion = 10.0.40219.1
Project("{8BC9CEB8-8B4A-11D0-8D11-00A0C91BC942}") = "3exer8", "3exer8\3exer8.vcxproj", "{BDE6854D-353A-498C-A562-9E6E10763A51}"
EndProject
Global
	GlobalSection(SolutionConfigurationPlatforms) = preSolution
		Debug|x64 = Debug|x64
		Debug|x86 = Debug|x86
		Release|x64 = Release|x64
		Release|x86 = Release|x86
	EndGlobalSection
	GlobalSection(ProjectConfigurationPlatforms) = postSolution
		{BDE6854D-353A-498C-A562-9E6E10763A51}.Debug|x64.ActiveCfg = Debug|x64
		{BDE6854D-353A-498C-A562-9E6E10763A51}.Debug|x64.Build.0 = Debug|x64
		{BDE6854D-353A-498C-A562-9E6E10763A51}.Debug|x86.ActiveCfg = Debug|Win32
		{BDE6854D-353A-498C-A562-9E6E10763A51}.Debug|x86.Build.0 = Debug|Win32
		{BDE6854D-353A-498C-A562-9E6E10763A51}.Release|x64.ActiveCfg = Release|x64
		{BDE6854D-353A-498C-A562-9E6E10763A51}.Release|x64.Build.0 = Release|x64
		{BDE6854D-353A-498C-A562-9E6E10763A51}.Release|x86.ActiveCfg = Release|Win32
		{BDE6854D-353A-498C-A562-9E6E10763A51}.Release|x86.Build.0 = Release|Win32
	EndGlobalSection
	GlobalSection(SolutionProperties) = preSolution
		HideSolutionNode = FALSE
	EndGlobalSection
	GlobalSection(ExtensibilityGlobals) = postSolution
		SolutionGuid = {694069D6-B9AE-4C5E-AE21-E3211E95FC1E}
	EndGlobalSection
EndGlobal
